dependencies:
- name: memcached
  repository: oci://registry-1.docker.io/bitnamicharts
  version: 6.5.9
- name: redis
  repository: oci://registry-1.docker.io/bitnamicharts
  version: 19.0.2
- name: kafka
  repository: oci://registry-1.docker.io/bitnamicharts
  version: 23.0.7
- name: clickhouse
  repository: https://sentry-kubernetes.github.io/charts
  version: 3.7.0
- name: zookeeper
  repository: oci://registry-1.docker.io/bitnamicharts
  version: 11.4.11
- name: rabbitmq
  repository: oci://registry-1.docker.io/bitnamicharts
  version: 11.16.2
- name: postgresql
  repository: oci://registry-1.docker.io/bitnamicharts
  version: 12.5.1
- name: nginx
  repository: oci://registry-1.docker.io/bitnamicharts
  version: 14.2.2
digest: sha256:f0c424e082d7da962456b1c334a256b557414a5a8bfef4c27da5aecb1b6ad55b
generated: "2024-04-01T10:07:12.576356864Z"
