dependencies:
- name: memcached
  repository: oci://registry-1.docker.io/bitnamicharts
  version: 6.5.9
- name: redis
  repository: oci://registry-1.docker.io/bitnamicharts
  version: 17.11.3
- name: kafka
  repository: oci://registry-1.docker.io/bitnamicharts
  version: 28.0.1
- name: clickhouse
  repository: https://sentry-kubernetes.github.io/charts
  version: 3.7.0
- name: zookeeper
  repository: oci://registry-1.docker.io/bitnamicharts
  version: 11.4.11
- name: rabbitmq
  repository: oci://registry-1.docker.io/bitnamicharts
  version: 11.16.2
- name: postgresql
  repository: oci://registry-1.docker.io/bitnamicharts
  version: 12.5.1
- name: nginx
  repository: oci://registry-1.docker.io/bitnamicharts
  version: 14.2.2
digest: sha256:25b49d8ef9171d3a07054d35d32839b2327b91fe2da70e5e9da0f35b7d2e5e00
generated: "2024-04-01T15:36:26.11252414Z"
