dependencies:
- name: memcached
  repository: oci://registry-1.docker.io/bitnamicharts
  version: 6.5.9
- name: redis
  repository: oci://registry-1.docker.io/bitnamicharts
  version: 17.11.3
- name: kafka
  repository: oci://registry-1.docker.io/bitnamicharts
  version: 23.0.7
- name: clickhouse
  repository: https://sentry-kubernetes.github.io/charts
  version: 3.7.0
- name: zookeeper
  repository: oci://registry-1.docker.io/bitnamicharts
  version: 13.1.0
- name: rabbitmq
  repository: oci://registry-1.docker.io/bitnamicharts
  version: 11.16.2
- name: postgresql
  repository: oci://registry-1.docker.io/bitnamicharts
  version: 12.5.1
- name: nginx
  repository: oci://registry-1.docker.io/bitnamicharts
  version: 14.2.2
digest: sha256:c43660205962b198cd46dc0c5fc9043232548f90d64771e85b4b081e8a3e829c
generated: "2024-04-02T11:23:00.518576732Z"
